
Microsoft Visual Studio Solution File, Format Version 12.00
# Visual Studio Version 17
VisualStudioVersion = 17.7.34003.232
MinimumVisualStudioVersion = 10.0.40219.1
Project("{8BC9CEB8-8B4A-11D0-8D11-00A0C91BC942}") = "高效带权无向简单图与交通路线规划系统", "高效带权无向简单图与交通路线规划系统\高效带权无向简单图与交通路线规划系统.vcxproj", "{F22899C7-D03D-4223-9F17-F06ECED192A0}"
EndProject
Global
	GlobalSection(SolutionConfigurationPlatforms) = preSolution
		Debug|x64 = Debug|x64
		Debug|x86 = Debug|x86
		Release|x64 = Release|x64
		Release|x86 = Release|x86
	EndGlobalSection
	GlobalSection(ProjectConfigurationPlatforms) = postSolution
		{F22899C7-D03D-4223-9F17-F06ECED192A0}.Debug|x64.ActiveCfg = Debug|x64
		{F22899C7-D03D-4223-9F17-F06ECED192A0}.Debug|x64.Build.0 = Debug|x64
		{F22899C7-D03D-4223-9F17-F06ECED192A0}.Debug|x86.ActiveCfg = Debug|Win32
		{F22899C7-D03D-4223-9F17-F06ECED192A0}.Debug|x86.Build.0 = Debug|Win32
		{F22899C7-D03D-4223-9F17-F06ECED192A0}.Release|x64.ActiveCfg = Release|x64
		{F22899C7-D03D-4223-9F17-F06ECED192A0}.Release|x64.Build.0 = Release|x64
		{F22899C7-D03D-4223-9F17-F06ECED192A0}.Release|x86.ActiveCfg = Release|Win32
		{F22899C7-D03D-4223-9F17-F06ECED192A0}.Release|x86.Build.0 = Release|Win32
	EndGlobalSection
	GlobalSection(SolutionProperties) = preSolution
		HideSolutionNode = FALSE
	EndGlobalSection
	GlobalSection(ExtensibilityGlobals) = postSolution
		SolutionGuid = {EAE0A264-1F7B-4BA9-BB59-7212EA252407}
	EndGlobalSection
EndGlobal
